<?xml version="1.0" encoding="UTF-8" standalone="yes" ?>
<CodeBlocks_project_file>
   <FileVersion major="1" minor="6" />
   <Project>
      <Option title="electricTree" />
      <Option makefile_is_custom="1" />
      <Option compiler="gcc" />
      <Option virtualFolders="CMake Files\;" />
      <Build>
      <Target title="all">
         <Option working_dir="/home/capstone38/Desktop/electricTree" />
         <Option type="4" />
         <MakeCommands>
            <Build command="/usr/bin/make -f &quot;/home/capstone38/Desktop/electricTree/Makefile&quot;  VERBOSE=1 all" />
            <CompileFile command="/usr/bin/make -f &quot;/home/capstone38/Desktop/electricTree/Makefile&quot;  VERBOSE=1 &quot;$file&quot;" />
            <Clean command="/usr/bin/make -f &quot;/home/capstone38/Desktop/electricTree/Makefile&quot;  VERBOSE=1 clean" />
            <DistClean command="/usr/bin/make -f &quot;/home/capstone38/Desktop/electricTree/Makefile&quot;  VERBOSE=1 clean" />
         </MakeCommands>
      </Target>
      <Target title="install">
         <Option working_dir="/home/capstone38/Desktop/electricTree" />
         <Option type="4" />
         <MakeCommands>
            <Build command="/usr/bin/make -f &quot;/home/capstone38/Desktop/electricTree/Makefile&quot;  VERBOSE=1 install" />
            <CompileFile command="/usr/bin/make -f &quot;/home/capstone38/Desktop/electricTree/Makefile&quot;  VERBOSE=1 &quot;$file&quot;" />
            <Clean command="/usr/bin/make -f &quot;/home/capstone38/Desktop/electricTree/Makefile&quot;  VERBOSE=1 clean" />
            <DistClean command="/usr/bin/make -f &quot;/home/capstone38/Desktop/electricTree/Makefile&quot;  VERBOSE=1 clean" />
         </MakeCommands>
      </Target>
      <Target title="list_install_components">
         <Option working_dir="/home/capstone38/Desktop/electricTree" />
         <Option type="4" />
         <MakeCommands>
            <Build command="/usr/bin/make -f &quot;/home/capstone38/Desktop/electricTree/Makefile&quot;  VERBOSE=1 list_install_components" />
            <CompileFile command="/usr/bin/make -f &quot;/home/capstone38/Desktop/electricTree/Makefile&quot;  VERBOSE=1 &quot;$file&quot;" />
            <Clean command="/usr/bin/make -f &quot;/home/capstone38/Desktop/electricTree/Makefile&quot;  VERBOSE=1 clean" />
            <DistClean command="/usr/bin/make -f &quot;/home/capstone38/Desktop/electricTree/Makefile&quot;  VERBOSE=1 clean" />
         </MakeCommands>
      </Target>
      <Target title="electricTree">
         <Option output="/home/capstone38/Desktop/electricTree/electricTree" prefix_auto="0" extension_auto="0" />
         <Option working_dir="/home/capstone38/Desktop/electricTree" />
         <Option object_output="./" />
         <Option type="1" />
         <Option compiler="gcc" />
         <Compiler>
            <Add option="-DPERSON_TRACKING_DATA_FILES=&quot;/usr/share/librealsense/pt/data/&quot;" />
            <Add directory="/home/capstone38/Desktop/realsense/realsense_samples/samples/common/console_display" />
            <Add directory="/home/capstone38/Desktop/realsense/realsense_samples/samples/common/utils" />
            <Add directory="/usr/include" />
            <Add directory="/usr/include/boost/interprocess" />
            <Add directory="/usr/include/c++/5" />
            <Add directory="/usr/include/c++/5/backward" />
            <Add directory="/usr/include/librealsense" />
            <Add directory="/usr/include/librealsense/object_recognition" />
            <Add directory="/usr/include/librealsense/pt" />
            <Add directory="/usr/include/librealsense/slam" />
            <Add directory="/usr/include/x86_64-linux-gnu" />
            <Add directory="/usr/include/x86_64-linux-gnu/c++/5" />
            <Add directory="/usr/lib/gcc/x86_64-linux-gnu/5/include" />
            <Add directory="/usr/lib/gcc/x86_64-linux-gnu/5/include-fixed" />
            <Add directory="/usr/local/include" />
         </Compiler>
         <MakeCommands>
            <Build command="/usr/bin/make -f &quot;/home/capstone38/Desktop/electricTree/Makefile&quot;  VERBOSE=1 electricTree" />
            <CompileFile command="/usr/bin/make -f &quot;/home/capstone38/Desktop/electricTree/Makefile&quot;  VERBOSE=1 &quot;$file&quot;" />
            <Clean command="/usr/bin/make -f &quot;/home/capstone38/Desktop/electricTree/Makefile&quot;  VERBOSE=1 clean" />
            <DistClean command="/usr/bin/make -f &quot;/home/capstone38/Desktop/electricTree/Makefile&quot;  VERBOSE=1 clean" />
         </MakeCommands>
      </Target>
      <Target title="electricTree/fast">
         <Option output="/home/capstone38/Desktop/electricTree/electricTree" prefix_auto="0" extension_auto="0" />
         <Option working_dir="/home/capstone38/Desktop/electricTree" />
         <Option object_output="./" />
         <Option type="1" />
         <Option compiler="gcc" />
         <Compiler>
            <Add option="-DPERSON_TRACKING_DATA_FILES=&quot;/usr/share/librealsense/pt/data/&quot;" />
            <Add directory="/home/capstone38/Desktop/realsense/realsense_samples/samples/common/console_display" />
            <Add directory="/home/capstone38/Desktop/realsense/realsense_samples/samples/common/utils" />
            <Add directory="/usr/include" />
            <Add directory="/usr/include/boost/interprocess" />
            <Add directory="/usr/include/c++/5" />
            <Add directory="/usr/include/c++/5/backward" />
            <Add directory="/usr/include/librealsense" />
            <Add directory="/usr/include/librealsense/object_recognition" />
            <Add directory="/usr/include/librealsense/pt" />
            <Add directory="/usr/include/librealsense/slam" />
            <Add directory="/usr/include/x86_64-linux-gnu" />
            <Add directory="/usr/include/x86_64-linux-gnu/c++/5" />
            <Add directory="/usr/lib/gcc/x86_64-linux-gnu/5/include" />
            <Add directory="/usr/lib/gcc/x86_64-linux-gnu/5/include-fixed" />
            <Add directory="/usr/local/include" />
         </Compiler>
         <MakeCommands>
            <Build command="/usr/bin/make -f &quot;/home/capstone38/Desktop/electricTree/Makefile&quot;  VERBOSE=1 electricTree/fast" />
            <CompileFile command="/usr/bin/make -f &quot;/home/capstone38/Desktop/electricTree/Makefile&quot;  VERBOSE=1 &quot;$file&quot;" />
            <Clean command="/usr/bin/make -f &quot;/home/capstone38/Desktop/electricTree/Makefile&quot;  VERBOSE=1 clean" />
            <DistClean command="/usr/bin/make -f &quot;/home/capstone38/Desktop/electricTree/Makefile&quot;  VERBOSE=1 clean" />
         </MakeCommands>
      </Target>
      <Target title="edit_cache">
         <Option working_dir="/home/capstone38/Desktop/electricTree" />
         <Option type="4" />
         <MakeCommands>
            <Build command="/usr/bin/make -f &quot;/home/capstone38/Desktop/electricTree/Makefile&quot;  VERBOSE=1 edit_cache" />
            <CompileFile command="/usr/bin/make -f &quot;/home/capstone38/Desktop/electricTree/Makefile&quot;  VERBOSE=1 &quot;$file&quot;" />
            <Clean command="/usr/bin/make -f &quot;/home/capstone38/Desktop/electricTree/Makefile&quot;  VERBOSE=1 clean" />
            <DistClean command="/usr/bin/make -f &quot;/home/capstone38/Desktop/electricTree/Makefile&quot;  VERBOSE=1 clean" />
         </MakeCommands>
      </Target>
      <Target title="install/local">
         <Option working_dir="/home/capstone38/Desktop/electricTree" />
         <Option type="4" />
         <MakeCommands>
            <Build command="/usr/bin/make -f &quot;/home/capstone38/Desktop/electricTree/Makefile&quot;  VERBOSE=1 install/local" />
            <CompileFile command="/usr/bin/make -f &quot;/home/capstone38/Desktop/electricTree/Makefile&quot;  VERBOSE=1 &quot;$file&quot;" />
            <Clean command="/usr/bin/make -f &quot;/home/capstone38/Desktop/electricTree/Makefile&quot;  VERBOSE=1 clean" />
            <DistClean command="/usr/bin/make -f &quot;/home/capstone38/Desktop/electricTree/Makefile&quot;  VERBOSE=1 clean" />
         </MakeCommands>
      </Target>
      <Target title="rebuild_cache">
         <Option working_dir="/home/capstone38/Desktop/electricTree" />
         <Option type="4" />
         <MakeCommands>
            <Build command="/usr/bin/make -f &quot;/home/capstone38/Desktop/electricTree/Makefile&quot;  VERBOSE=1 rebuild_cache" />
            <CompileFile command="/usr/bin/make -f &quot;/home/capstone38/Desktop/electricTree/Makefile&quot;  VERBOSE=1 &quot;$file&quot;" />
            <Clean command="/usr/bin/make -f &quot;/home/capstone38/Desktop/electricTree/Makefile&quot;  VERBOSE=1 clean" />
            <DistClean command="/usr/bin/make -f &quot;/home/capstone38/Desktop/electricTree/Makefile&quot;  VERBOSE=1 clean" />
         </MakeCommands>
      </Target>
      </Build>
      <Unit filename="/home/capstone38/Desktop/electricTree/main.cpp">
         <Option target="electricTree"/>
      </Unit>
      <Unit filename="/home/capstone38/Desktop/electricTree/main.h">
         <Option target="electricTree"/>
      </Unit>
      <Unit filename="/home/capstone38/Desktop/electricTree/CMakeLists.txt">
          <Option virtualFolder="CMake Files\" />
      </Unit>
   </Project>
</CodeBlocks_project_file>
